{
  "name": "auction",
  "lockfileVersion": 2,
  "requires": true,
  "packages": {
    "": {
      "devDependencies": {
        "turbo": "^1.12.2"
      }
    },
    "node_modules/turbo": {
      "version": "1.12.2",
      "resolved": "https://registry.npmjs.org/turbo/-/turbo-1.12.2.tgz",
      "integrity": "sha512-BcoQjBZ+LJCMdjzWhzQflOinUjek28rWXj07aaaAQ8T3Ehs0JFSjIsXOm4qIbo52G4xk3gFVcUtJhh/QRADl7g==",
      "dev": true,
      "bin": {
        "turbo": "bin/turbo"
      },
      "optionalDependencies": {
        "turbo-darwin-64": "1.12.2",
        "turbo-darwin-arm64": "1.12.2",
        "turbo-linux-64": "1.12.2",
        "turbo-linux-arm64": "1.12.2",
        "turbo-windows-64": "1.12.2",
        "turbo-windows-arm64": "1.12.2"
      }
    },
    "node_modules/turbo-darwin-64": {
      "version": "1.12.2",
      "resolved": "https://registry.npmjs.org/turbo-darwin-64/-/turbo-darwin-64-1.12.2.tgz",
      "integrity": "sha512-Aq/ePQ5KNx6XGwlZWTVTqpQYfysm1vkwkI6kAYgrX5DjMWn+tUXrSgNx4YNte0F+V4DQ7PtuWX+jRG0h0ZNg0A==",
      "cpu": [
        "x64"
      ],
      "dev": true,
      "optional": true,
      "os": [
        "darwin"
      ]
    },
    "node_modules/turbo-darwin-arm64": {
      "version": "1.12.2",
      "resolved": "https://registry.npmjs.org/turbo-darwin-arm64/-/turbo-darwin-arm64-1.12.2.tgz",
      "integrity": "sha512-wTr+dqkwJo/eXE+4SPTSeNBKyyfQJhI6I9sKVlCSBmtaNEqoGNgdVzgMUdqrg9AIFzLIiKO+zhfskNaSWpVFow==",
      "cpu": [
        "arm64"
      ],
      "dev": true,
      "optional": true,
      "os": [
        "darwin"
      ]
    },
    "node_modules/turbo-linux-64": {
      "version": "1.12.2",
      "resolved": "https://registry.npmjs.org/turbo-linux-64/-/turbo-linux-64-1.12.2.tgz",
      "integrity": "sha512-BggBKrLojGarDaa2zBo+kUR3fmjpd6bLA8Unm3Aa2oJw0UvEi3Brd+w9lNsPZHXXQYBUzNUY2gCdxf3RteWb0g==",
      "cpu": [
        "x64"
      ],
      "dev": true,
      "optional": true,
      "os": [
        "linux"
      ]
    },
    "node_modules/turbo-linux-arm64": {
      "version": "1.12.2",
      "resolved": "https://registry.npmjs.org/turbo-linux-arm64/-/turbo-linux-arm64-1.12.2.tgz",
      "integrity": "sha512-v/apSRvVuwYjq1D9MJFsHv2EpGd1S4VoSdZvVfW6FaM06L8CFZa92urNR1svdGYN28YVKwK9Ikc9qudC6t/d5A==",
      "cpu": [
        "arm64"
      ],
      "dev": true,
      "optional": true,
      "os": [
        "linux"
      ]
    },
    "node_modules/turbo-windows-64": {
      "version": "1.12.2",
      "resolved": "https://registry.npmjs.org/turbo-windows-64/-/turbo-windows-64-1.12.2.tgz",
      "integrity": "sha512-3uDdwXcRGkgopYFdPDpxQiuQjfQ12Fxq0fhj+iGymav0eWA4W4wzYwSdlUp6rT22qOBIzaEsrIspRwx1DsMkNg==",
      "cpu": [
        "x64"
      ],
      "dev": true,
      "optional": true,
      "os": [
        "win32"
      ]
    },
    "node_modules/turbo-windows-arm64": {
      "version": "1.12.2",
      "resolved": "https://registry.npmjs.org/turbo-windows-arm64/-/turbo-windows-arm64-1.12.2.tgz",
      "integrity": "sha512-zNIHnwtQfJSjFi7movwhPQh2rfrcKZ7Xv609EN1yX0gEp9GxooCUi2yNnBQ8wTqFjioA2M5hZtGJQ0RrKaEm/Q==",
      "cpu": [
        "arm64"
      ],
      "dev": true,
      "optional": true,
      "os": [
        "win32"
      ]
    }
  },
  "dependencies": {
    "turbo": {
      "version": "1.12.2",
      "resolved": "https://registry.npmjs.org/turbo/-/turbo-1.12.2.tgz",
      "integrity": "sha512-BcoQjBZ+LJCMdjzWhzQflOinUjek28rWXj07aaaAQ8T3Ehs0JFSjIsXOm4qIbo52G4xk3gFVcUtJhh/QRADl7g==",
      "dev": true,
      "requires": {
        "turbo-darwin-64": "1.12.2",
        "turbo-darwin-arm64": "1.12.2",
        "turbo-linux-64": "1.12.2",
        "turbo-linux-arm64": "1.12.2",
        "turbo-windows-64": "1.12.2",
        "turbo-windows-arm64": "1.12.2"
      }
    },
    "turbo-darwin-64": {
      "version": "1.12.2",
      "resolved": "https://registry.npmjs.org/turbo-darwin-64/-/turbo-darwin-64-1.12.2.tgz",
      "integrity": "sha512-Aq/ePQ5KNx6XGwlZWTVTqpQYfysm1vkwkI6kAYgrX5DjMWn+tUXrSgNx4YNte0F+V4DQ7PtuWX+jRG0h0ZNg0A==",
      "dev": true,
      "optional": true
    },
    "turbo-darwin-arm64": {
      "version": "1.12.2",
      "resolved": "https://registry.npmjs.org/turbo-darwin-arm64/-/turbo-darwin-arm64-1.12.2.tgz",
      "integrity": "sha512-wTr+dqkwJo/eXE+4SPTSeNBKyyfQJhI6I9sKVlCSBmtaNEqoGNgdVzgMUdqrg9AIFzLIiKO+zhfskNaSWpVFow==",
      "dev": true,
      "optional": true
    },
    "turbo-linux-64": {
      "version": "1.12.2",
      "resolved": "https://registry.npmjs.org/turbo-linux-64/-/turbo-linux-64-1.12.2.tgz",
      "integrity": "sha512-BggBKrLojGarDaa2zBo+kUR3fmjpd6bLA8Unm3Aa2oJw0UvEi3Brd+w9lNsPZHXXQYBUzNUY2gCdxf3RteWb0g==",
      "dev": true,
      "optional": true
    },
    "turbo-linux-arm64": {
      "version": "1.12.2",
      "resolved": "https://registry.npmjs.org/turbo-linux-arm64/-/turbo-linux-arm64-1.12.2.tgz",
      "integrity": "sha512-v/apSRvVuwYjq1D9MJFsHv2EpGd1S4VoSdZvVfW6FaM06L8CFZa92urNR1svdGYN28YVKwK9Ikc9qudC6t/d5A==",
      "dev": true,
      "optional": true
    },
    "turbo-windows-64": {
      "version": "1.12.2",
      "resolved": "https://registry.npmjs.org/turbo-windows-64/-/turbo-windows-64-1.12.2.tgz",
      "integrity": "sha512-3uDdwXcRGkgopYFdPDpxQiuQjfQ12Fxq0fhj+iGymav0eWA4W4wzYwSdlUp6rT22qOBIzaEsrIspRwx1DsMkNg==",
      "dev": true,
      "optional": true
    },
    "turbo-windows-arm64": {
      "version": "1.12.2",
      "resolved": "https://registry.npmjs.org/turbo-windows-arm64/-/turbo-windows-arm64-1.12.2.tgz",
      "integrity": "sha512-zNIHnwtQfJSjFi7movwhPQh2rfrcKZ7Xv609EN1yX0gEp9GxooCUi2yNnBQ8wTqFjioA2M5hZtGJQ0RrKaEm/Q==",
      "dev": true,
      "optional": true
    }
  }
}
